
Microsoft Visual Studio Solution File, Format Version 12.00
# Visual Studio Version 17
VisualStudioVersion = 17.8.34525.116
MinimumVisualStudioVersion = 10.0.40219.1
Project("{FAE04EC0-301F-11D3-BF4B-00C04F79EFBC}") = "LiveGuiWindows", "LiveGuiWindows\LiveGuiWindows.csproj", "{5BD7F731-3736-4F0F-BA0E-62773A0E44F3}"
EndProject
Global
	GlobalSection(SolutionConfigurationPlatforms) = preSolution
		Debug|Any CPU = Debug|Any CPU
		Release|Any CPU = Release|Any CPU
	EndGlobalSection
	GlobalSection(ProjectConfigurationPlatforms) = postSolution
		{5BD7F731-3736-4F0F-BA0E-62773A0E44F3}.Debug|Any CPU.ActiveCfg = Debug|Any CPU
		{5BD7F731-3736-4F0F-BA0E-62773A0E44F3}.Debug|Any CPU.Build.0 = Debug|Any CPU
		{5BD7F731-3736-4F0F-BA0E-62773A0E44F3}.Release|Any CPU.ActiveCfg = Release|Any CPU
		{5BD7F731-3736-4F0F-BA0E-62773A0E44F3}.Release|Any CPU.Build.0 = Release|Any CPU
	EndGlobalSection
	GlobalSection(SolutionProperties) = preSolution
		HideSolutionNode = FALSE
	EndGlobalSection
	GlobalSection(ExtensibilityGlobals) = postSolution
		SolutionGuid = {8F784C29-AA25-49DE-B780-9458A60765A4}
	EndGlobalSection
EndGlobal
